
Microsoft Visual Studio Solution File, Format Version 12.00
# Visual Studio Version 16
VisualStudioVersion = 16.0.30711.63
MinimumVisualStudioVersion = 10.0.40219.1
Project("{FAE04EC0-301F-11D3-BF4B-00C04F79EFBC}") = "lab 4th overload", "lab 4th overload\lab 4th overload.csproj", "{9813FB81-66A3-4E67-B4A9-57B0673916C7}"
EndProject
Global
	GlobalSection(SolutionConfigurationPlatforms) = preSolution
		Debug|Any CPU = Debug|Any CPU
		Release|Any CPU = Release|Any CPU
	EndGlobalSection
	GlobalSection(ProjectConfigurationPlatforms) = postSolution
		{9813FB81-66A3-4E67-B4A9-57B0673916C7}.Debug|Any CPU.ActiveCfg = Debug|Any CPU
		{9813FB81-66A3-4E67-B4A9-57B0673916C7}.Debug|Any CPU.Build.0 = Debug|Any CPU
		{9813FB81-66A3-4E67-B4A9-57B0673916C7}.Release|Any CPU.ActiveCfg = Release|Any CPU
		{9813FB81-66A3-4E67-B4A9-57B0673916C7}.Release|Any CPU.Build.0 = Release|Any CPU
	EndGlobalSection
	GlobalSection(SolutionProperties) = preSolution
		HideSolutionNode = FALSE
	EndGlobalSection
	GlobalSection(ExtensibilityGlobals) = postSolution
		SolutionGuid = {1EC31E22-29C0-4CAD-8A5B-8AB72031BC0C}
	EndGlobalSection
EndGlobal
